
Microsoft Visual Studio Solution File, Format Version 12.00
# Visual Studio Version 17
VisualStudioVersion = 17.9.34723.18
MinimumVisualStudioVersion = 10.0.40219.1
Project("{FAE04EC0-301F-11D3-BF4B-00C04F79EFBC}") = "CIT.API", "CIT.API\CIT.API.csproj", "{F78CACCC-8D84-4E71-9B37-11B12D3513F6}"
EndProject
Global
	GlobalSection(SolutionConfigurationPlatforms) = preSolution
		Debug|Any CPU = Debug|Any CPU
		Release|Any CPU = Release|Any CPU
	EndGlobalSection
	GlobalSection(ProjectConfigurationPlatforms) = postSolution
		{F78CACCC-8D84-4E71-9B37-11B12D3513F6}.Debug|Any CPU.ActiveCfg = Debug|Any CPU
		{F78CACCC-8D84-4E71-9B37-11B12D3513F6}.Debug|Any CPU.Build.0 = Debug|Any CPU
		{F78CACCC-8D84-4E71-9B37-11B12D3513F6}.Release|Any CPU.ActiveCfg = Release|Any CPU
		{F78CACCC-8D84-4E71-9B37-11B12D3513F6}.Release|Any CPU.Build.0 = Release|Any CPU
	EndGlobalSection
	GlobalSection(SolutionProperties) = preSolution
		HideSolutionNode = FALSE
	EndGlobalSection
	GlobalSection(ExtensibilityGlobals) = postSolution
		SolutionGuid = {45CD335C-9CB8-4357-93B1-919E1A0A3843}
	EndGlobalSection
EndGlobal
